schema: '2.0'
stages:
  build_dataset:
    cmd: python src/tourism_api/pipeline/build_dataset.py
    deps:
    - path: src/tourism_api/pipeline/build_dataset.py
      hash: md5
      md5: ba98043cdda1e3947c07d3afa003724d
      size: 9614
    outs:
    - path: data/india_tourism.csv
      hash: md5
      md5: e6d092247e4f58171a1a767160d23bf7
      size: 48859
  train:
    cmd: python src/tourism_api/pipeline/train.py
    deps:
    - path: data/india_tourism.csv
      hash: md5
      md5: e6d092247e4f58171a1a767160d23bf7
      size: 48859
    - path: src/tourism_api/pipeline/train.py
      hash: md5
      md5: 015141eb3d1b4e7dd61dbd832419887d
      size: 3508
    outs:
    - path: models/lookup_table.pkl
      hash: md5
      md5: 63abd6145a1febfc3a515b922eed8b7b
      size: 41137
    - path: models/metrics.json
      hash: md5
      md5: 99405b5ceb604e318713354a946291b2
      size: 134
    - path: models/tourism_model.joblib
      hash: md5
      md5: 1111fb434f28c20994fb9cab856dfb96
      size: 8450130
