schema: '2.0'
stages:
  build_dataset:
    cmd: python build_dataset.py
    deps:
    - path: build_dataset.py
      hash: md5
      md5: e7dd6159265b9c36efc2f868b9a53a8c
      size: 9600
    outs:
    - path: data/india_tourism.csv
      hash: md5
      md5: e6d092247e4f58171a1a767160d23bf7
      size: 48859
  train:
    cmd: python train.py
    deps:
    - path: data/india_tourism.csv
      hash: md5
      md5: e6d092247e4f58171a1a767160d23bf7
      size: 48859
    - path: train.py
      hash: md5
      md5: c54e0ac180a347dfcfd8c7653089325a
      size: 3491
    outs:
    - path: models/lookup_table.pkl
      hash: md5
      md5: 63abd6145a1febfc3a515b922eed8b7b
      size: 41137
    - path: models/metrics.json
      hash: md5
      md5: 5ffde652eaf4ab72ce4dd7cf36c9c155
      size: 133
    - path: models/tourism_model.joblib
      hash: md5
      md5: 1111fb434f28c20994fb9cab856dfb96
      size: 8450130
